# Auto-generated by dotagents. Do not edit.
version = 1

[skills.sentry-create-alert]
source = "path:.agents/skills/sentry-create-alert"
integrity = "sha256-Twsj6tMVJSLumBK1vlYORO6V2cc0NrUsQe5CPFssnqQ"

[skills.sentry-fix-issues]
source = "path:.agents/skills/sentry-fix-issues"
integrity = "sha256-DeMCyODmyhL6zpGXr_-uwS4fOI54LEJRd0FDjqu5l2I"

[skills.sentry-pr-code-review]
source = "path:.agents/skills/sentry-pr-code-review"
integrity = "sha256-yrWK-BabVobQNbcaKYKrGzPJSemn4f5MM16Op9RrBfM"

[skills.update-changelog]
source = "path:.agents/skills/update-changelog"
integrity = "sha256-3GB052DDXryNc-Wr84SiCoYU1xpTerbBWGYnWh_F8Wc"
