# Auto-generated by dotagents. Do not edit.
version = 1

[skills.code-simplifier]
source = "path:.agents/skills/code-simplifier"

[skills.dotagents]
source = "getsentry/dotagents"
resolved_url = "https://github.com/getsentry/dotagents"
resolved_path = "skills/dotagents"
resolved_commit = "46cd1ebe5c2d4084b7a1fd62fda25c738d325d24"

[skills.impeccable]
source = "pbakaus/impeccable"
resolved_url = "https://github.com/pbakaus/impeccable"
resolved_path = "skill"
resolved_commit = "dc715c7359cc44f7d20c638deaec2f17e6b2f4b3"

[skills.release]
source = "path:.agents/skills/release"

[skills.sentry-flutter-sdk]
source = "getsentry/sentry-for-ai"
resolved_url = "https://github.com/getsentry/sentry-for-ai"
resolved_path = "skills/sentry-flutter-sdk"
resolved_commit = "006a3fd23c603a2f0a4df6f138af50881babb713"

[skills.update-changelog]
source = "path:.agents/skills/update-changelog"
